
Microsoft Visual Studio Solution File, Format Version 12.00
# Visual Studio Version 17
VisualStudioVersion = 17.3.32922.545
MinimumVisualStudioVersion = 10.0.40219.1
Project("{F184B08F-C81C-45F6-A57F-5ABD9991F28F}") = "Univariate_distribution_VBNET", "Univariate_distribution_VBNET\Univariate_distribution_VBNET.vbproj", "{D8D678D2-6610-440A-B0C5-3B64CF137824}"
EndProject
Global
	GlobalSection(SolutionConfigurationPlatforms) = preSolution
		Debug|Any CPU = Debug|Any CPU
		Release|Any CPU = Release|Any CPU
	EndGlobalSection
	GlobalSection(ProjectConfigurationPlatforms) = postSolution
		{D8D678D2-6610-440A-B0C5-3B64CF137824}.Debug|Any CPU.ActiveCfg = Debug|Any CPU
		{D8D678D2-6610-440A-B0C5-3B64CF137824}.Debug|Any CPU.Build.0 = Debug|Any CPU
		{D8D678D2-6610-440A-B0C5-3B64CF137824}.Release|Any CPU.ActiveCfg = Release|Any CPU
		{D8D678D2-6610-440A-B0C5-3B64CF137824}.Release|Any CPU.Build.0 = Release|Any CPU
	EndGlobalSection
	GlobalSection(SolutionProperties) = preSolution
		HideSolutionNode = FALSE
	EndGlobalSection
	GlobalSection(ExtensibilityGlobals) = postSolution
		SolutionGuid = {7850CC20-F41C-418B-8203-DDB38D27BC62}
	EndGlobalSection
EndGlobal
